
Microsoft Visual Studio Solution File, Format Version 12.00
# Visual Studio Version 17
VisualStudioVersion = 17.13.35913.81 d17.13
MinimumVisualStudioVersion = 10.0.40219.1
Project("{888888A0-9F3D-457C-B088-3A5042F75D52}") = "pv planning", "pv planning.pyproj", "{944A82D5-5258-4056-B20B-D397C5D8370A}"
EndProject
Global
	GlobalSection(SolutionConfigurationPlatforms) = preSolution
		Debug|Any CPU = Debug|Any CPU
		Release|Any CPU = Release|Any CPU
	EndGlobalSection
	GlobalSection(ProjectConfigurationPlatforms) = postSolution
		{944A82D5-5258-4056-B20B-D397C5D8370A}.Debug|Any CPU.ActiveCfg = Debug|Any CPU
		{944A82D5-5258-4056-B20B-D397C5D8370A}.Release|Any CPU.ActiveCfg = Release|Any CPU
	EndGlobalSection
	GlobalSection(SolutionProperties) = preSolution
		HideSolutionNode = FALSE
	EndGlobalSection
	GlobalSection(ExtensibilityGlobals) = postSolution
		SolutionGuid = {0A30F55A-DF9C-4796-8E86-6765E2A15EEC}
	EndGlobalSection
EndGlobal
